
Microsoft Visual Studio Solution File, Format Version 12.00
# Visual Studio 2013
VisualStudioVersion = 12.0.31101.0
MinimumVisualStudioVersion = 10.0.40219.1
Project("{2150E333-8FDC-42A3-9474-1A3956D46DE8}") = "Engine", "Engine", "{FECA9DAF-78AA-47F8-96F0-906359D1BCCA}"
EndProject
Project("{2150E333-8FDC-42A3-9474-1A3956D46DE8}") = "Samples", "Samples", "{44FFD219-8F7E-45A5-8D6E-D6F54E8DB247}"
EndProject
Project("{2150E333-8FDC-42A3-9474-1A3956D46DE8}") = "Tools", "Tools", "{297F636A-298A-432A-82DC-6263CFB39E24}"
EndProject
Project("{8BC9CEB8-8B4A-11D0-8D11-00A0C91BC942}") = "GTEngine", "GTEngine.vcxproj", "{702CEC70-EE3E-43A0-8D93-48B58FA50D3C}"
EndProject
Project("{2150E333-8FDC-42A3-9474-1A3956D46DE8}") = "Basics", "Basics", "{A852FB40-3A34-49E5-8B54-01BCA7D111AE}"
EndProject
Project("{2150E333-8FDC-42A3-9474-1A3956D46DE8}") = "Geometrics", "Geometrics", "{C89DB66A-ED4D-423C-BFDD-7F406DCE1046}"
EndProject
Project("{2150E333-8FDC-42A3-9474-1A3956D46DE8}") = "Graphics", "Graphics", "{90E00DE1-25F0-4FBC-8F4A-70F00582033D}"
EndProject
Project("{2150E333-8FDC-42A3-9474-1A3956D46DE8}") = "Imagics", "Imagics", "{B8516A89-399B-4C5A-9CF9-91FC56B87484}"
EndProject
Project("{2150E333-8FDC-42A3-9474-1A3956D46DE8}") = "Physics", "Physics", "{D3388F66-9AAF-4BCD-94FA-EAB1EB73D5D5}"
EndProject
Project("{8BC9CEB8-8B4A-11D0-8D11-00A0C91BC942}") = "AppendConsumeBuffers", "Samples\Basics\AppendConsumeBuffers\AppendConsumeBuffers.vcxproj", "{85F85DD5-B18E-4D16-A591-D2F017A1F34F}"
EndProject
Project("{8BC9CEB8-8B4A-11D0-8D11-00A0C91BC942}") = "GaussianBlurring", "Samples\Basics\GaussianBlurring\GaussianBlurring.vcxproj", "{74E61B6D-8481-4F8D-BAD9-FAF3794BF2B6}"
EndProject
Project("{8BC9CEB8-8B4A-11D0-8D11-00A0C91BC942}") = "GeometryShaders", "Samples\Basics\GeometryShaders\GeometryShaders.vcxproj", "{1A8D5197-7CFF-4751-9D9D-9134E9473E30}"
EndProject
Project("{8BC9CEB8-8B4A-11D0-8D11-00A0C91BC942}") = "IEEEFloatingPoint", "Samples\Basics\IEEEFloatingPoint\IEEEFloatingPoint.vcxproj", "{2874B9A3-6D50-44AF-B88D-58980C8CCF63}"
EndProject
Project("{8BC9CEB8-8B4A-11D0-8D11-00A0C91BC942}") = "LowLevelD3D11", "Samples\Basics\LowLevelD3D11\LowLevelD3D11.vcxproj", "{2DAF88EB-6D19-4393-88DC-DE598D843FC1}"
EndProject
Project("{8BC9CEB8-8B4A-11D0-8D11-00A0C91BC942}") = "MultipleRenderTargets", "Samples\Basics\MultipleRenderTargets\MultipleRenderTargets.vcxproj", "{5503B808-B1CE-4CDC-9026-207CABE6D024}"
EndProject
Project("{8BC9CEB8-8B4A-11D0-8D11-00A0C91BC942}") = "RawBuffers", "Samples\Basics\RawBuffers\RawBuffers.vcxproj", "{C9E51AA9-ED9C-4D9D-882E-870E0DFC0466}"
EndProject
Project("{8BC9CEB8-8B4A-11D0-8D11-00A0C91BC942}") = "ShaderReflection", "Samples\Basics\ShaderReflection\ShaderReflection.vcxproj", "{A37EEEBB-914F-4B89-872B-D581FA0EF7A1}"
EndProject
Project("{8BC9CEB8-8B4A-11D0-8D11-00A0C91BC942}") = "SharedTextures", "Samples\Basics\SharedTextures\SharedTextures.vcxproj", "{3F5F31D6-0CB2-4C2B-8F72-403661186F9D}"
EndProject
Project("{8BC9CEB8-8B4A-11D0-8D11-00A0C91BC942}") = "StructuredBuffers", "Samples\Basics\StructuredBuffers\StructuredBuffers.vcxproj", "{86EE4017-4FFE-4B1E-A18E-489B81075B0D}"
EndProject
Project("{8BC9CEB8-8B4A-11D0-8D11-00A0C91BC942}") = "TextureArrays", "Samples\Basics\TextureArrays\TextureArrays.vcxproj", "{CE3DE128-17FB-46ED-A10D-EBD0A191F938}"
EndProject
Project("{8BC9CEB8-8B4A-11D0-8D11-00A0C91BC942}") = "Texturing", "Samples\Basics\Texturing\Texturing.vcxproj", "{8018A4AD-3FB8-466E-99E7-BB81112749DB}"
EndProject
Project("{8BC9CEB8-8B4A-11D0-8D11-00A0C91BC942}") = "VertexColoring", "Samples\Basics\VertexColoring\VertexColoring.vcxproj", "{7DEAD6B2-9DC0-4279-8C7E-514D8E51DFE4}"
EndProject
Project("{8BC9CEB8-8B4A-11D0-8D11-00A0C91BC942}") = "AllPairsTriangles", "Samples\Geometrics\AllPairsTriangles\AllPairsTriangles.vcxproj", "{38A56F7B-BBDF-49C9-B84E-4CC01F36F314}"
EndProject
Project("{8BC9CEB8-8B4A-11D0-8D11-00A0C91BC942}") = "ShortestPath", "Samples\Geometrics\ShortestPath\ShortestPath.vcxproj", "{5FFAC134-DA47-4305-9BC7-795E48B682F9}"
EndProject
Project("{8BC9CEB8-8B4A-11D0-8D11-00A0C91BC942}") = "BlendedTerrain", "Samples\Graphics\BlendedTerrain\BlendedTerrain.vcxproj", "{F85AB09D-B9EF-4CD3-BA6F-62A592E1A939}"
EndProject
Project("{8BC9CEB8-8B4A-11D0-8D11-00A0C91BC942}") = "VideoStreams", "Samples\Graphics\VideoStreams\VideoStreams.vcxproj", "{150E8E31-EC98-4DD8-A206-3736F2DABB9F}"
EndProject
Project("{8BC9CEB8-8B4A-11D0-8D11-00A0C91BC942}") = "Convolution", "Samples\Imagics\Convolution\Convolution.vcxproj", "{1DE0B549-BF0F-4AE8-AE1B-E62607CE6106}"
EndProject
Project("{8BC9CEB8-8B4A-11D0-8D11-00A0C91BC942}") = "MedianFiltering", "Samples\Imagics\MedianFiltering\MedianFiltering.vcxproj", "{9AFBC772-AA08-498E-9017-6B7D803B609B}"
EndProject
Project("{8BC9CEB8-8B4A-11D0-8D11-00A0C91BC942}") = "SurfaceExtraction", "Samples\Imagics\SurfaceExtraction\SurfaceExtraction.vcxproj", "{DF49B45A-F195-49A4-88B1-DB40A957A345}"
EndProject
Project("{8BC9CEB8-8B4A-11D0-8D11-00A0C91BC942}") = "Fluids2D", "Samples\Physics\Fluids2D\Fluids2D.vcxproj", "{1C6EB0CB-E1D3-4007-A315-E533D6E8E57C}"
EndProject
Project("{8BC9CEB8-8B4A-11D0-8D11-00A0C91BC942}") = "Fluids3D", "Samples\Physics\Fluids3D\Fluids3D.vcxproj", "{EF8DAC79-E615-4FAA-9C18-0F2ACEAD9E7C}"
EndProject
Project("{8BC9CEB8-8B4A-11D0-8D11-00A0C91BC942}") = "MassSprings3D", "Samples\Physics\MassSprings3D\MassSprings3D.vcxproj", "{20BE29C7-731D-4816-872B-B4F4BEAB8786}"
EndProject
Project("{8BC9CEB8-8B4A-11D0-8D11-00A0C91BC942}") = "BitmapFontCreator", "Tools\BitmapFontCreator\BitmapFontCreator.vcxproj", "{9983E720-BD11-465E-A297-C7B2D1F76B44}"
EndProject
Project("{8BC9CEB8-8B4A-11D0-8D11-00A0C91BC942}") = "GenerateApproximations", "Tools\GenerateApproximations\GenerateApproximations.vcxproj", "{68D8A1DB-EAE5-49AB-8C8A-6BA76EFD868F}"
EndProject
Project("{8BC9CEB8-8B4A-11D0-8D11-00A0C91BC942}") = "GenerateOpenGLWrapper", "Tools\GenerateOpenGLWrapper\GenerateOpenGLWrapper.vcxproj", "{090816ED-7939-4EE8-AD14-93881D57AC23}"
EndProject
Project("{8BC9CEB8-8B4A-11D0-8D11-00A0C91BC942}") = "GenerateProject", "Tools\GenerateProject\GenerateProject.vcxproj", "{2BECD4D6-C9BB-47B5-AF09-6545086C937C}"
EndProject
Project("{8BC9CEB8-8B4A-11D0-8D11-00A0C91BC942}") = "ConvexHull2D", "Samples\Geometrics\ConvexHull2D\ConvexHull2D.vcxproj", "{B2BB6EEC-CEB0-44CC-A146-065C7AC44978}"
EndProject
Project("{8BC9CEB8-8B4A-11D0-8D11-00A0C91BC942}") = "Delaunay2D", "Samples\Geometrics\Delaunay2D\Delaunay2D.vcxproj", "{7165016D-FE06-434F-8999-8676617E3A3F}"
EndProject
Project("{8BC9CEB8-8B4A-11D0-8D11-00A0C91BC942}") = "Delaunay3D", "Samples\Geometrics\Delaunay3D\Delaunay3D.vcxproj", "{87C763D0-8F8E-4F6D-AEBA-4E2AF6C47741}"
EndProject
Project("{8BC9CEB8-8B4A-11D0-8D11-00A0C91BC942}") = "BlownGlass", "Samples\Graphics\BlownGlass\BlownGlass.vcxproj", "{4810E9AE-A188-435F-9170-56872ED187A4}"
EndProject
Project("{8BC9CEB8-8B4A-11D0-8D11-00A0C91BC942}") = "PlaneMeshIntersection", "Samples\Graphics\PlaneMeshIntersection\PlaneMeshIntersection.vcxproj", "{A012AB52-6E7E-4F41-A96D-4DA1BD0CE2E8}"
EndProject
Project("{8BC9CEB8-8B4A-11D0-8D11-00A0C91BC942}") = "WireMesh", "Samples\Graphics\WireMesh\WireMesh.vcxproj", "{ABD0A2AA-E69B-406E-ACC4-3C83ADD0E119}"
EndProject
Project("{8BC9CEB8-8B4A-11D0-8D11-00A0C91BC942}") = "ConvexHull3D", "Samples\Geometrics\ConvexHull3D\ConvexHull3D.vcxproj", "{24036098-E6CF-44D0-B7AC-06859C5CAC4B}"
EndProject
Project("{8BC9CEB8-8B4A-11D0-8D11-00A0C91BC942}") = "ConstrainedDelaunay2D", "Samples\Geometrics\ConstrainedDelaunay2D\ConstrainedDelaunay2D.vcxproj", "{399DB2C4-6741-4796-ACB2-729C23E0C24D}"
EndProject
Project("{8BC9CEB8-8B4A-11D0-8D11-00A0C91BC942}") = "MinimumAreaCircle2D", "Samples\Geometrics\MinimumAreaCircle2D\MinimumAreaCircle2D.vcxproj", "{024497C6-6335-4B53-9CDB-BF472E40C636}"
EndProject
Project("{8BC9CEB8-8B4A-11D0-8D11-00A0C91BC942}") = "MinimumVolumeSphere3D", "Samples\Geometrics\MinimumVolumeSphere3D\MinimumVolumeSphere3D.vcxproj", "{E90E2D40-E445-474B-A670-B8763666E780}"
EndProject
Project("{8BC9CEB8-8B4A-11D0-8D11-00A0C91BC942}") = "MinimumAreaBox2D", "Samples\Geometrics\MinimumAreaBox2D\MinimumAreaBox2D.vcxproj", "{9CFEDB64-71EC-44F0-9521-41A7F7ABFAE9}"
EndProject
Project("{8BC9CEB8-8B4A-11D0-8D11-00A0C91BC942}") = "MinimumVolumeBox3D", "Samples\Geometrics\MinimumVolumeBox3D\MinimumVolumeBox3D.vcxproj", "{2CF2A877-65C1-4665-B34A-68BB1CEFABF6}"
EndProject
Project("{2150E333-8FDC-42A3-9474-1A3956D46DE8}") = "Mathematics", "Mathematics", "{B0361387-B44C-47EB-88B5-46B7E79C3801}"
EndProject
Project("{8BC9CEB8-8B4A-11D0-8D11-00A0C91BC942}") = "Interpolation2D", "Samples\Mathematics\Interpolation2D\Interpolation2D.vcxproj", "{A86791A9-B377-46DD-A683-21AD1C0DED01}"
EndProject
Project("{8BC9CEB8-8B4A-11D0-8D11-00A0C91BC942}") = "Lights", "Samples\Graphics\Lights\Lights.vcxproj", "{0CD2507F-1B5A-4258-B341-314DD2601400}"
EndProject
Project("{8BC9CEB8-8B4A-11D0-8D11-00A0C91BC942}") = "Picking", "Samples\Graphics\Picking\Picking.vcxproj", "{F9ED6B8C-1153-4EC7-92BC-5E4F696580EE}"
EndProject
Project("{8BC9CEB8-8B4A-11D0-8D11-00A0C91BC942}") = "BSplineCurveFitter", "Samples\Mathematics\BSplineCurveFitter\BSplineCurveFitter.vcxproj", "{72DC98F5-C7B4-4496-B58A-893C364712AD}"
EndProject
Project("{8BC9CEB8-8B4A-11D0-8D11-00A0C91BC942}") = "BSplineSurfaceFitter", "Samples\Mathematics\BSplineSurfaceFitter\BSplineSurfaceFitter.vcxproj", "{5F08D66E-C81F-44AE-A99E-A8B80AAF08EB}"
EndProject
Project("{8BC9CEB8-8B4A-11D0-8D11-00A0C91BC942}") = "GenerateMeshUVs", "Samples\Mathematics\GenerateMeshUVs\GenerateMeshUVs.vcxproj", "{EECE8B05-C494-45B9-80F4-724DD00FE521}"
EndProject
Project("{8BC9CEB8-8B4A-11D0-8D11-00A0C91BC942}") = "PartialSums", "Samples\Mathematics\PartialSums\PartialSums.vcxproj", "{5B7710D5-AD21-4860-99DF-1D192B2054BD}"
EndProject
Project("{8BC9CEB8-8B4A-11D0-8D11-00A0C91BC942}") = "PlaneEstimation", "Samples\Mathematics\PlaneEstimation\PlaneEstimation.vcxproj", "{9F26FBBB-F803-41DB-8E96-9064F2F7BA12}"
EndProject
Project("{8BC9CEB8-8B4A-11D0-8D11-00A0C91BC942}") = "RootFinding", "Samples\Mathematics\RootFinding\RootFinding.vcxproj", "{EFDA25F0-22DF-4D86-95F1-88621A5A8899}"
EndProject
Project("{8BC9CEB8-8B4A-11D0-8D11-00A0C91BC942}") = "Rope", "Samples\Physics\Rope\Rope.vcxproj", "{BE797700-FF7F-4CBE-A37D-7BB0A5D88CAD}"
EndProject
Project("{8BC9CEB8-8B4A-11D0-8D11-00A0C91BC942}") = "Cloth", "Samples\Physics\Cloth\Cloth.vcxproj", "{7B3F248B-E56C-441B-AF0D-EBF9C3356E9F}"
EndProject
Project("{8BC9CEB8-8B4A-11D0-8D11-00A0C91BC942}") = "DirectionalLightTexture", "Samples\Basics\DirectionalLightTexture\DirectionalLightTexture.vcxproj", "{344381CD-A4D9-47C3-95A1-EEEAE01A8139}"
EndProject
Project("{8BC9CEB8-8B4A-11D0-8D11-00A0C91BC942}") = "TriangulationEC", "Samples\Geometrics\TriangulationEC\TriangulationEC.vcxproj", "{5D8657A2-700E-4263-B18D-0282F4762526}"
EndProject
Project("{8BC9CEB8-8B4A-11D0-8D11-00A0C91BC942}") = "TriangulationCDT", "Samples\Geometrics\TriangulationCDT\TriangulationCDT.vcxproj", "{9DA82294-E625-417A-BE90-3F3098CAB117}"
EndProject
Project("{8BC9CEB8-8B4A-11D0-8D11-00A0C91BC942}") = "DistanceSegments3", "Samples\Geometrics\DistanceSegments3\DistanceSegments3.vcxproj", "{F11D6DDA-E258-4D83-A6EA-948DA786641B}"
EndProject
Project("{8BC9CEB8-8B4A-11D0-8D11-00A0C91BC942}") = "SymmetricEigensolver3x3", "Samples\Mathematics\SymmetricEigensolver3x3\SymmetricEigensolver3x3.vcxproj", "{52275A7E-32E7-4665-9BE4-44542263B4DA}"
EndProject
Project("{8BC9CEB8-8B4A-11D0-8D11-00A0C91BC942}") = "IntersectBoxCone", "Samples\Geometrics\IntersectBoxCone\IntersectBoxCone.vcxproj", "{7C203B44-8ACD-4C6A-8E13-9DF59BED73B6}"
EndProject
Project("{8BC9CEB8-8B4A-11D0-8D11-00A0C91BC942}") = "HLSLToByteCode", "Tools\HLSLToByteCode\HLSLToByteCode.vcxproj", "{E3C9FC59-C854-4C32-BFA4-C68BFF8E0B1B}"
EndProject
Global
	GlobalSection(SolutionConfigurationPlatforms) = preSolution
		Debug|Win32 = Debug|Win32
		Debug|x64 = Debug|x64
		Release|Win32 = Release|Win32
		Release|x64 = Release|x64
	EndGlobalSection
	GlobalSection(ProjectConfigurationPlatforms) = postSolution
		{702CEC70-EE3E-43A0-8D93-48B58FA50D3C}.Debug|Win32.ActiveCfg = Debug|Win32
		{702CEC70-EE3E-43A0-8D93-48B58FA50D3C}.Debug|Win32.Build.0 = Debug|Win32
		{702CEC70-EE3E-43A0-8D93-48B58FA50D3C}.Debug|x64.ActiveCfg = Debug|x64
		{702CEC70-EE3E-43A0-8D93-48B58FA50D3C}.Debug|x64.Build.0 = Debug|x64
		{702CEC70-EE3E-43A0-8D93-48B58FA50D3C}.Release|Win32.ActiveCfg = Release|Win32
		{702CEC70-EE3E-43A0-8D93-48B58FA50D3C}.Release|Win32.Build.0 = Release|Win32
		{702CEC70-EE3E-43A0-8D93-48B58FA50D3C}.Release|x64.ActiveCfg = Release|x64
		{702CEC70-EE3E-43A0-8D93-48B58FA50D3C}.Release|x64.Build.0 = Release|x64
		{85F85DD5-B18E-4D16-A591-D2F017A1F34F}.Debug|Win32.ActiveCfg = Debug|Win32
		{85F85DD5-B18E-4D16-A591-D2F017A1F34F}.Debug|Win32.Build.0 = Debug|Win32
		{85F85DD5-B18E-4D16-A591-D2F017A1F34F}.Debug|x64.ActiveCfg = Debug|x64
		{85F85DD5-B18E-4D16-A591-D2F017A1F34F}.Debug|x64.Build.0 = Debug|x64
		{85F85DD5-B18E-4D16-A591-D2F017A1F34F}.Release|Win32.ActiveCfg = Release|Win32
		{85F85DD5-B18E-4D16-A591-D2F017A1F34F}.Release|Win32.Build.0 = Release|Win32
		{85F85DD5-B18E-4D16-A591-D2F017A1F34F}.Release|x64.ActiveCfg = Release|x64
		{85F85DD5-B18E-4D16-A591-D2F017A1F34F}.Release|x64.Build.0 = Release|x64
		{74E61B6D-8481-4F8D-BAD9-FAF3794BF2B6}.Debug|Win32.ActiveCfg = Debug|Win32
		{74E61B6D-8481-4F8D-BAD9-FAF3794BF2B6}.Debug|Win32.Build.0 = Debug|Win32
		{74E61B6D-8481-4F8D-BAD9-FAF3794BF2B6}.Debug|x64.ActiveCfg = Debug|x64
		{74E61B6D-8481-4F8D-BAD9-FAF3794BF2B6}.Debug|x64.Build.0 = Debug|x64
		{74E61B6D-8481-4F8D-BAD9-FAF3794BF2B6}.Release|Win32.ActiveCfg = Release|Win32
		{74E61B6D-8481-4F8D-BAD9-FAF3794BF2B6}.Release|Win32.Build.0 = Release|Win32
		{74E61B6D-8481-4F8D-BAD9-FAF3794BF2B6}.Release|x64.ActiveCfg = Release|x64
		{74E61B6D-8481-4F8D-BAD9-FAF3794BF2B6}.Release|x64.Build.0 = Release|x64
		{1A8D5197-7CFF-4751-9D9D-9134E9473E30}.Debug|Win32.ActiveCfg = Debug|Win32
		{1A8D5197-7CFF-4751-9D9D-9134E9473E30}.Debug|Win32.Build.0 = Debug|Win32
		{1A8D5197-7CFF-4751-9D9D-9134E9473E30}.Debug|x64.ActiveCfg = Debug|x64
		{1A8D5197-7CFF-4751-9D9D-9134E9473E30}.Debug|x64.Build.0 = Debug|x64
		{1A8D5197-7CFF-4751-9D9D-9134E9473E30}.Release|Win32.ActiveCfg = Release|Win32
		{1A8D5197-7CFF-4751-9D9D-9134E9473E30}.Release|Win32.Build.0 = Release|Win32
		{1A8D5197-7CFF-4751-9D9D-9134E9473E30}.Release|x64.ActiveCfg = Release|x64
		{1A8D5197-7CFF-4751-9D9D-9134E9473E30}.Release|x64.Build.0 = Release|x64
		{2874B9A3-6D50-44AF-B88D-58980C8CCF63}.Debug|Win32.ActiveCfg = Debug|Win32
		{2874B9A3-6D50-44AF-B88D-58980C8CCF63}.Debug|Win32.Build.0 = Debug|Win32
		{2874B9A3-6D50-44AF-B88D-58980C8CCF63}.Debug|x64.ActiveCfg = Debug|x64
		{2874B9A3-6D50-44AF-B88D-58980C8CCF63}.Debug|x64.Build.0 = Debug|x64
		{2874B9A3-6D50-44AF-B88D-58980C8CCF63}.Release|Win32.ActiveCfg = Release|Win32
		{2874B9A3-6D50-44AF-B88D-58980C8CCF63}.Release|Win32.Build.0 = Release|Win32
		{2874B9A3-6D50-44AF-B88D-58980C8CCF63}.Release|x64.ActiveCfg = Release|x64
		{2874B9A3-6D50-44AF-B88D-58980C8CCF63}.Release|x64.Build.0 = Release|x64
		{2DAF88EB-6D19-4393-88DC-DE598D843FC1}.Debug|Win32.ActiveCfg = Debug|Win32
		{2DAF88EB-6D19-4393-88DC-DE598D843FC1}.Debug|Win32.Build.0 = Debug|Win32
		{2DAF88EB-6D19-4393-88DC-DE598D843FC1}.Debug|x64.ActiveCfg = Debug|x64
		{2DAF88EB-6D19-4393-88DC-DE598D843FC1}.Debug|x64.Build.0 = Debug|x64
		{2DAF88EB-6D19-4393-88DC-DE598D843FC1}.Release|Win32.ActiveCfg = Release|Win32
		{2DAF88EB-6D19-4393-88DC-DE598D843FC1}.Release|Win32.Build.0 = Release|Win32
		{2DAF88EB-6D19-4393-88DC-DE598D843FC1}.Release|x64.ActiveCfg = Release|x64
		{2DAF88EB-6D19-4393-88DC-DE598D843FC1}.Release|x64.Build.0 = Release|x64
		{5503B808-B1CE-4CDC-9026-207CABE6D024}.Debug|Win32.ActiveCfg = Debug|Win32
		{5503B808-B1CE-4CDC-9026-207CABE6D024}.Debug|Win32.Build.0 = Debug|Win32
		{5503B808-B1CE-4CDC-9026-207CABE6D024}.Debug|x64.ActiveCfg = Debug|x64
		{5503B808-B1CE-4CDC-9026-207CABE6D024}.Debug|x64.Build.0 = Debug|x64
		{5503B808-B1CE-4CDC-9026-207CABE6D024}.Release|Win32.ActiveCfg = Release|Win32
		{5503B808-B1CE-4CDC-9026-207CABE6D024}.Release|Win32.Build.0 = Release|Win32
		{5503B808-B1CE-4CDC-9026-207CABE6D024}.Release|x64.ActiveCfg = Release|x64
		{5503B808-B1CE-4CDC-9026-207CABE6D024}.Release|x64.Build.0 = Release|x64
		{C9E51AA9-ED9C-4D9D-882E-870E0DFC0466}.Debug|Win32.ActiveCfg = Debug|Win32
		{C9E51AA9-ED9C-4D9D-882E-870E0DFC0466}.Debug|Win32.Build.0 = Debug|Win32
		{C9E51AA9-ED9C-4D9D-882E-870E0DFC0466}.Debug|x64.ActiveCfg = Debug|x64
		{C9E51AA9-ED9C-4D9D-882E-870E0DFC0466}.Debug|x64.Build.0 = Debug|x64
		{C9E51AA9-ED9C-4D9D-882E-870E0DFC0466}.Release|Win32.ActiveCfg = Release|Win32
		{C9E51AA9-ED9C-4D9D-882E-870E0DFC0466}.Release|Win32.Build.0 = Release|Win32
		{C9E51AA9-ED9C-4D9D-882E-870E0DFC0466}.Release|x64.ActiveCfg = Release|x64
		{C9E51AA9-ED9C-4D9D-882E-870E0DFC0466}.Release|x64.Build.0 = Release|x64
		{A37EEEBB-914F-4B89-872B-D581FA0EF7A1}.Debug|Win32.ActiveCfg = Debug|Win32
		{A37EEEBB-914F-4B89-872B-D581FA0EF7A1}.Debug|Win32.Build.0 = Debug|Win32
		{A37EEEBB-914F-4B89-872B-D581FA0EF7A1}.Debug|x64.ActiveCfg = Debug|x64
		{A37EEEBB-914F-4B89-872B-D581FA0EF7A1}.Debug|x64.Build.0 = Debug|x64
		{A37EEEBB-914F-4B89-872B-D581FA0EF7A1}.Release|Win32.ActiveCfg = Release|Win32
		{A37EEEBB-914F-4B89-872B-D581FA0EF7A1}.Release|Win32.Build.0 = Release|Win32
		{A37EEEBB-914F-4B89-872B-D581FA0EF7A1}.Release|x64.ActiveCfg = Release|x64
		{A37EEEBB-914F-4B89-872B-D581FA0EF7A1}.Release|x64.Build.0 = Release|x64
		{3F5F31D6-0CB2-4C2B-8F72-403661186F9D}.Debug|Win32.ActiveCfg = Debug|Win32
		{3F5F31D6-0CB2-4C2B-8F72-403661186F9D}.Debug|Win32.Build.0 = Debug|Win32
		{3F5F31D6-0CB2-4C2B-8F72-403661186F9D}.Debug|x64.ActiveCfg = Debug|x64
		{3F5F31D6-0CB2-4C2B-8F72-403661186F9D}.Debug|x64.Build.0 = Debug|x64
		{3F5F31D6-0CB2-4C2B-8F72-403661186F9D}.Release|Win32.ActiveCfg = Release|Win32
		{3F5F31D6-0CB2-4C2B-8F72-403661186F9D}.Release|Win32.Build.0 = Release|Win32
		{3F5F31D6-0CB2-4C2B-8F72-403661186F9D}.Release|x64.ActiveCfg = Release|x64
		{3F5F31D6-0CB2-4C2B-8F72-403661186F9D}.Release|x64.Build.0 = Release|x64
		{86EE4017-4FFE-4B1E-A18E-489B81075B0D}.Debug|Win32.ActiveCfg = Debug|Win32
		{86EE4017-4FFE-4B1E-A18E-489B81075B0D}.Debug|Win32.Build.0 = Debug|Win32
		{86EE4017-4FFE-4B1E-A18E-489B81075B0D}.Debug|x64.ActiveCfg = Debug|x64
		{86EE4017-4FFE-4B1E-A18E-489B81075B0D}.Debug|x64.Build.0 = Debug|x64
		{86EE4017-4FFE-4B1E-A18E-489B81075B0D}.Release|Win32.ActiveCfg = Release|Win32
		{86EE4017-4FFE-4B1E-A18E-489B81075B0D}.Release|Win32.Build.0 = Release|Win32
		{86EE4017-4FFE-4B1E-A18E-489B81075B0D}.Release|x64.ActiveCfg = Release|x64
		{86EE4017-4FFE-4B1E-A18E-489B81075B0D}.Release|x64.Build.0 = Release|x64
		{CE3DE128-17FB-46ED-A10D-EBD0A191F938}.Debug|Win32.ActiveCfg = Debug|Win32
		{CE3DE128-17FB-46ED-A10D-EBD0A191F938}.Debug|Win32.Build.0 = Debug|Win32
		{CE3DE128-17FB-46ED-A10D-EBD0A191F938}.Debug|x64.ActiveCfg = Debug|x64
		{CE3DE128-17FB-46ED-A10D-EBD0A191F938}.Debug|x64.Build.0 = Debug|x64
		{CE3DE128-17FB-46ED-A10D-EBD0A191F938}.Release|Win32.ActiveCfg = Release|Win32
		{CE3DE128-17FB-46ED-A10D-EBD0A191F938}.Release|Win32.Build.0 = Release|Win32
		{CE3DE128-17FB-46ED-A10D-EBD0A191F938}.Release|x64.ActiveCfg = Release|x64
		{CE3DE128-17FB-46ED-A10D-EBD0A191F938}.Release|x64.Build.0 = Release|x64
		{8018A4AD-3FB8-466E-99E7-BB81112749DB}.Debug|Win32.ActiveCfg = Debug|Win32
		{8018A4AD-3FB8-466E-99E7-BB81112749DB}.Debug|Win32.Build.0 = Debug|Win32
		{8018A4AD-3FB8-466E-99E7-BB81112749DB}.Debug|x64.ActiveCfg = Debug|x64
		{8018A4AD-3FB8-466E-99E7-BB81112749DB}.Debug|x64.Build.0 = Debug|x64
		{8018A4AD-3FB8-466E-99E7-BB81112749DB}.Release|Win32.ActiveCfg = Release|Win32
		{8018A4AD-3FB8-466E-99E7-BB81112749DB}.Release|Win32.Build.0 = Release|Win32
		{8018A4AD-3FB8-466E-99E7-BB81112749DB}.Release|x64.ActiveCfg = Release|x64
		{8018A4AD-3FB8-466E-99E7-BB81112749DB}.Release|x64.Build.0 = Release|x64
		{7DEAD6B2-9DC0-4279-8C7E-514D8E51DFE4}.Debug|Win32.ActiveCfg = Debug|Win32
		{7DEAD6B2-9DC0-4279-8C7E-514D8E51DFE4}.Debug|Win32.Build.0 = Debug|Win32
		{7DEAD6B2-9DC0-4279-8C7E-514D8E51DFE4}.Debug|x64.ActiveCfg = Debug|x64
		{7DEAD6B2-9DC0-4279-8C7E-514D8E51DFE4}.Debug|x64.Build.0 = Debug|x64
		{7DEAD6B2-9DC0-4279-8C7E-514D8E51DFE4}.Release|Win32.ActiveCfg = Release|Win32
		{7DEAD6B2-9DC0-4279-8C7E-514D8E51DFE4}.Release|Win32.Build.0 = Release|Win32
		{7DEAD6B2-9DC0-4279-8C7E-514D8E51DFE4}.Release|x64.ActiveCfg = Release|x64
		{7DEAD6B2-9DC0-4279-8C7E-514D8E51DFE4}.Release|x64.Build.0 = Release|x64
		{38A56F7B-BBDF-49C9-B84E-4CC01F36F314}.Debug|Win32.ActiveCfg = Debug|Win32
		{38A56F7B-BBDF-49C9-B84E-4CC01F36F314}.Debug|Win32.Build.0 = Debug|Win32
		{38A56F7B-BBDF-49C9-B84E-4CC01F36F314}.Debug|x64.ActiveCfg = Debug|x64
		{38A56F7B-BBDF-49C9-B84E-4CC01F36F314}.Debug|x64.Build.0 = Debug|x64
		{38A56F7B-BBDF-49C9-B84E-4CC01F36F314}.Release|Win32.ActiveCfg = Release|Win32
		{38A56F7B-BBDF-49C9-B84E-4CC01F36F314}.Release|Win32.Build.0 = Release|Win32
		{38A56F7B-BBDF-49C9-B84E-4CC01F36F314}.Release|x64.ActiveCfg = Release|x64
		{38A56F7B-BBDF-49C9-B84E-4CC01F36F314}.Release|x64.Build.0 = Release|x64
		{5FFAC134-DA47-4305-9BC7-795E48B682F9}.Debug|Win32.ActiveCfg = Debug|Win32
		{5FFAC134-DA47-4305-9BC7-795E48B682F9}.Debug|Win32.Build.0 = Debug|Win32
		{5FFAC134-DA47-4305-9BC7-795E48B682F9}.Debug|x64.ActiveCfg = Debug|x64
		{5FFAC134-DA47-4305-9BC7-795E48B682F9}.Debug|x64.Build.0 = Debug|x64
		{5FFAC134-DA47-4305-9BC7-795E48B682F9}.Release|Win32.ActiveCfg = Release|Win32
		{5FFAC134-DA47-4305-9BC7-795E48B682F9}.Release|Win32.Build.0 = Release|Win32
		{5FFAC134-DA47-4305-9BC7-795E48B682F9}.Release|x64.ActiveCfg = Release|x64
		{5FFAC134-DA47-4305-9BC7-795E48B682F9}.Release|x64.Build.0 = Release|x64
		{F85AB09D-B9EF-4CD3-BA6F-62A592E1A939}.Debug|Win32.ActiveCfg = Debug|Win32
		{F85AB09D-B9EF-4CD3-BA6F-62A592E1A939}.Debug|Win32.Build.0 = Debug|Win32
		{F85AB09D-B9EF-4CD3-BA6F-62A592E1A939}.Debug|x64.ActiveCfg = Debug|x64
		{F85AB09D-B9EF-4CD3-BA6F-62A592E1A939}.Debug|x64.Build.0 = Debug|x64
		{F85AB09D-B9EF-4CD3-BA6F-62A592E1A939}.Release|Win32.ActiveCfg = Release|Win32
		{F85AB09D-B9EF-4CD3-BA6F-62A592E1A939}.Release|Win32.Build.0 = Release|Win32
		{F85AB09D-B9EF-4CD3-BA6F-62A592E1A939}.Release|x64.ActiveCfg = Release|x64
		{F85AB09D-B9EF-4CD3-BA6F-62A592E1A939}.Release|x64.Build.0 = Release|x64
		{150E8E31-EC98-4DD8-A206-3736F2DABB9F}.Debug|Win32.ActiveCfg = Debug|Win32
		{150E8E31-EC98-4DD8-A206-3736F2DABB9F}.Debug|Win32.Build.0 = Debug|Win32
		{150E8E31-EC98-4DD8-A206-3736F2DABB9F}.Debug|x64.ActiveCfg = Debug|x64
		{150E8E31-EC98-4DD8-A206-3736F2DABB9F}.Debug|x64.Build.0 = Debug|x64
		{150E8E31-EC98-4DD8-A206-3736F2DABB9F}.Release|Win32.ActiveCfg = Release|Win32
		{150E8E31-EC98-4DD8-A206-3736F2DABB9F}.Release|Win32.Build.0 = Release|Win32
		{150E8E31-EC98-4DD8-A206-3736F2DABB9F}.Release|x64.ActiveCfg = Release|x64
		{150E8E31-EC98-4DD8-A206-3736F2DABB9F}.Release|x64.Build.0 = Release|x64
		{1DE0B549-BF0F-4AE8-AE1B-E62607CE6106}.Debug|Win32.ActiveCfg = Debug|Win32
		{1DE0B549-BF0F-4AE8-AE1B-E62607CE6106}.Debug|Win32.Build.0 = Debug|Win32
		{1DE0B549-BF0F-4AE8-AE1B-E62607CE6106}.Debug|x64.ActiveCfg = Debug|x64
		{1DE0B549-BF0F-4AE8-AE1B-E62607CE6106}.Debug|x64.Build.0 = Debug|x64
		{1DE0B549-BF0F-4AE8-AE1B-E62607CE6106}.Release|Win32.ActiveCfg = Release|Win32
		{1DE0B549-BF0F-4AE8-AE1B-E62607CE6106}.Release|Win32.Build.0 = Release|Win32
		{1DE0B549-BF0F-4AE8-AE1B-E62607CE6106}.Release|x64.ActiveCfg = Release|x64
		{1DE0B549-BF0F-4AE8-AE1B-E62607CE6106}.Release|x64.Build.0 = Release|x64
		{9AFBC772-AA08-498E-9017-6B7D803B609B}.Debug|Win32.ActiveCfg = Debug|Win32
		{9AFBC772-AA08-498E-9017-6B7D803B609B}.Debug|Win32.Build.0 = Debug|Win32
		{9AFBC772-AA08-498E-9017-6B7D803B609B}.Debug|x64.ActiveCfg = Debug|x64
		{9AFBC772-AA08-498E-9017-6B7D803B609B}.Debug|x64.Build.0 = Debug|x64
		{9AFBC772-AA08-498E-9017-6B7D803B609B}.Release|Win32.ActiveCfg = Release|Win32
		{9AFBC772-AA08-498E-9017-6B7D803B609B}.Release|Win32.Build.0 = Release|Win32
		{9AFBC772-AA08-498E-9017-6B7D803B609B}.Release|x64.ActiveCfg = Release|x64
		{9AFBC772-AA08-498E-9017-6B7D803B609B}.Release|x64.Build.0 = Release|x64
		{DF49B45A-F195-49A4-88B1-DB40A957A345}.Debug|Win32.ActiveCfg = Debug|Win32
		{DF49B45A-F195-49A4-88B1-DB40A957A345}.Debug|Win32.Build.0 = Debug|Win32
		{DF49B45A-F195-49A4-88B1-DB40A957A345}.Debug|x64.ActiveCfg = Debug|x64
		{DF49B45A-F195-49A4-88B1-DB40A957A345}.Debug|x64.Build.0 = Debug|x64
		{DF49B45A-F195-49A4-88B1-DB40A957A345}.Release|Win32.ActiveCfg = Release|Win32
		{DF49B45A-F195-49A4-88B1-DB40A957A345}.Release|Win32.Build.0 = Release|Win32
		{DF49B45A-F195-49A4-88B1-DB40A957A345}.Release|x64.ActiveCfg = Release|x64
		{DF49B45A-F195-49A4-88B1-DB40A957A345}.Release|x64.Build.0 = Release|x64
		{1C6EB0CB-E1D3-4007-A315-E533D6E8E57C}.Debug|Win32.ActiveCfg = Debug|Win32
		{1C6EB0CB-E1D3-4007-A315-E533D6E8E57C}.Debug|Win32.Build.0 = Debug|Win32
		{1C6EB0CB-E1D3-4007-A315-E533D6E8E57C}.Debug|x64.ActiveCfg = Debug|x64
		{1C6EB0CB-E1D3-4007-A315-E533D6E8E57C}.Debug|x64.Build.0 = Debug|x64
		{1C6EB0CB-E1D3-4007-A315-E533D6E8E57C}.Release|Win32.ActiveCfg = Release|Win32
		{1C6EB0CB-E1D3-4007-A315-E533D6E8E57C}.Release|Win32.Build.0 = Release|Win32
		{1C6EB0CB-E1D3-4007-A315-E533D6E8E57C}.Release|x64.ActiveCfg = Release|x64
		{1C6EB0CB-E1D3-4007-A315-E533D6E8E57C}.Release|x64.Build.0 = Release|x64
		{EF8DAC79-E615-4FAA-9C18-0F2ACEAD9E7C}.Debug|Win32.ActiveCfg = Debug|Win32
		{EF8DAC79-E615-4FAA-9C18-0F2ACEAD9E7C}.Debug|Win32.Build.0 = Debug|Win32
		{EF8DAC79-E615-4FAA-9C18-0F2ACEAD9E7C}.Debug|x64.ActiveCfg = Debug|x64
		{EF8DAC79-E615-4FAA-9C18-0F2ACEAD9E7C}.Debug|x64.Build.0 = Debug|x64
		{EF8DAC79-E615-4FAA-9C18-0F2ACEAD9E7C}.Release|Win32.ActiveCfg = Release|Win32
		{EF8DAC79-E615-4FAA-9C18-0F2ACEAD9E7C}.Release|Win32.Build.0 = Release|Win32
		{EF8DAC79-E615-4FAA-9C18-0F2ACEAD9E7C}.Release|x64.ActiveCfg = Release|x64
		{EF8DAC79-E615-4FAA-9C18-0F2ACEAD9E7C}.Release|x64.Build.0 = Release|x64
		{20BE29C7-731D-4816-872B-B4F4BEAB8786}.Debug|Win32.ActiveCfg = Debug|Win32
		{20BE29C7-731D-4816-872B-B4F4BEAB8786}.Debug|Win32.Build.0 = Debug|Win32
		{20BE29C7-731D-4816-872B-B4F4BEAB8786}.Debug|x64.ActiveCfg = Debug|x64
		{20BE29C7-731D-4816-872B-B4F4BEAB8786}.Debug|x64.Build.0 = Debug|x64
		{20BE29C7-731D-4816-872B-B4F4BEAB8786}.Release|Win32.ActiveCfg = Release|Win32
		{20BE29C7-731D-4816-872B-B4F4BEAB8786}.Release|Win32.Build.0 = Release|Win32
		{20BE29C7-731D-4816-872B-B4F4BEAB8786}.Release|x64.ActiveCfg = Release|x64
		{20BE29C7-731D-4816-872B-B4F4BEAB8786}.Release|x64.Build.0 = Release|x64
		{9983E720-BD11-465E-A297-C7B2D1F76B44}.Debug|Win32.ActiveCfg = Debug|Win32
		{9983E720-BD11-465E-A297-C7B2D1F76B44}.Debug|Win32.Build.0 = Debug|Win32
		{9983E720-BD11-465E-A297-C7B2D1F76B44}.Debug|x64.ActiveCfg = Debug|x64
		{9983E720-BD11-465E-A297-C7B2D1F76B44}.Debug|x64.Build.0 = Debug|x64
		{9983E720-BD11-465E-A297-C7B2D1F76B44}.Release|Win32.ActiveCfg = Release|Win32
		{9983E720-BD11-465E-A297-C7B2D1F76B44}.Release|Win32.Build.0 = Release|Win32
		{9983E720-BD11-465E-A297-C7B2D1F76B44}.Release|x64.ActiveCfg = Release|x64
		{9983E720-BD11-465E-A297-C7B2D1F76B44}.Release|x64.Build.0 = Release|x64
		{68D8A1DB-EAE5-49AB-8C8A-6BA76EFD868F}.Debug|Win32.ActiveCfg = Debug|Win32
		{68D8A1DB-EAE5-49AB-8C8A-6BA76EFD868F}.Debug|Win32.Build.0 = Debug|Win32
		{68D8A1DB-EAE5-49AB-8C8A-6BA76EFD868F}.Debug|x64.ActiveCfg = Debug|x64
		{68D8A1DB-EAE5-49AB-8C8A-6BA76EFD868F}.Debug|x64.Build.0 = Debug|x64
		{68D8A1DB-EAE5-49AB-8C8A-6BA76EFD868F}.Release|Win32.ActiveCfg = Release|Win32
		{68D8A1DB-EAE5-49AB-8C8A-6BA76EFD868F}.Release|Win32.Build.0 = Release|Win32
		{68D8A1DB-EAE5-49AB-8C8A-6BA76EFD868F}.Release|x64.ActiveCfg = Release|x64
		{68D8A1DB-EAE5-49AB-8C8A-6BA76EFD868F}.Release|x64.Build.0 = Release|x64
		{090816ED-7939-4EE8-AD14-93881D57AC23}.Debug|Win32.ActiveCfg = Debug|Win32
		{090816ED-7939-4EE8-AD14-93881D57AC23}.Debug|Win32.Build.0 = Debug|Win32
		{090816ED-7939-4EE8-AD14-93881D57AC23}.Debug|x64.ActiveCfg = Debug|x64
		{090816ED-7939-4EE8-AD14-93881D57AC23}.Debug|x64.Build.0 = Debug|x64
		{090816ED-7939-4EE8-AD14-93881D57AC23}.Release|Win32.ActiveCfg = Release|Win32
		{090816ED-7939-4EE8-AD14-93881D57AC23}.Release|Win32.Build.0 = Release|Win32
		{090816ED-7939-4EE8-AD14-93881D57AC23}.Release|x64.ActiveCfg = Release|x64
		{090816ED-7939-4EE8-AD14-93881D57AC23}.Release|x64.Build.0 = Release|x64
		{2BECD4D6-C9BB-47B5-AF09-6545086C937C}.Debug|Win32.ActiveCfg = Debug|Win32
		{2BECD4D6-C9BB-47B5-AF09-6545086C937C}.Debug|Win32.Build.0 = Debug|Win32
		{2BECD4D6-C9BB-47B5-AF09-6545086C937C}.Debug|x64.ActiveCfg = Debug|x64
		{2BECD4D6-C9BB-47B5-AF09-6545086C937C}.Debug|x64.Build.0 = Debug|x64
		{2BECD4D6-C9BB-47B5-AF09-6545086C937C}.Release|Win32.ActiveCfg = Release|Win32
		{2BECD4D6-C9BB-47B5-AF09-6545086C937C}.Release|Win32.Build.0 = Release|Win32
		{2BECD4D6-C9BB-47B5-AF09-6545086C937C}.Release|x64.ActiveCfg = Release|x64
		{2BECD4D6-C9BB-47B5-AF09-6545086C937C}.Release|x64.Build.0 = Release|x64
		{B2BB6EEC-CEB0-44CC-A146-065C7AC44978}.Debug|Win32.ActiveCfg = Debug|Win32
		{B2BB6EEC-CEB0-44CC-A146-065C7AC44978}.Debug|Win32.Build.0 = Debug|Win32
		{B2BB6EEC-CEB0-44CC-A146-065C7AC44978}.Debug|x64.ActiveCfg = Debug|x64
		{B2BB6EEC-CEB0-44CC-A146-065C7AC44978}.Debug|x64.Build.0 = Debug|x64
		{B2BB6EEC-CEB0-44CC-A146-065C7AC44978}.Release|Win32.ActiveCfg = Release|Win32
		{B2BB6EEC-CEB0-44CC-A146-065C7AC44978}.Release|Win32.Build.0 = Release|Win32
		{B2BB6EEC-CEB0-44CC-A146-065C7AC44978}.Release|x64.ActiveCfg = Release|x64
		{B2BB6EEC-CEB0-44CC-A146-065C7AC44978}.Release|x64.Build.0 = Release|x64
		{7165016D-FE06-434F-8999-8676617E3A3F}.Debug|Win32.ActiveCfg = Debug|Win32
		{7165016D-FE06-434F-8999-8676617E3A3F}.Debug|Win32.Build.0 = Debug|Win32
		{7165016D-FE06-434F-8999-8676617E3A3F}.Debug|x64.ActiveCfg = Debug|x64
		{7165016D-FE06-434F-8999-8676617E3A3F}.Debug|x64.Build.0 = Debug|x64
		{7165016D-FE06-434F-8999-8676617E3A3F}.Release|Win32.ActiveCfg = Release|Win32
		{7165016D-FE06-434F-8999-8676617E3A3F}.Release|Win32.Build.0 = Release|Win32
		{7165016D-FE06-434F-8999-8676617E3A3F}.Release|x64.ActiveCfg = Release|x64
		{7165016D-FE06-434F-8999-8676617E3A3F}.Release|x64.Build.0 = Release|x64
		{87C763D0-8F8E-4F6D-AEBA-4E2AF6C47741}.Debug|Win32.ActiveCfg = Debug|Win32
		{87C763D0-8F8E-4F6D-AEBA-4E2AF6C47741}.Debug|Win32.Build.0 = Debug|Win32
		{87C763D0-8F8E-4F6D-AEBA-4E2AF6C47741}.Debug|x64.ActiveCfg = Debug|x64
		{87C763D0-8F8E-4F6D-AEBA-4E2AF6C47741}.Debug|x64.Build.0 = Debug|x64
		{87C763D0-8F8E-4F6D-AEBA-4E2AF6C47741}.Release|Win32.ActiveCfg = Release|Win32
		{87C763D0-8F8E-4F6D-AEBA-4E2AF6C47741}.Release|Win32.Build.0 = Release|Win32
		{87C763D0-8F8E-4F6D-AEBA-4E2AF6C47741}.Release|x64.ActiveCfg = Release|x64
		{87C763D0-8F8E-4F6D-AEBA-4E2AF6C47741}.Release|x64.Build.0 = Release|x64
		{4810E9AE-A188-435F-9170-56872ED187A4}.Debug|Win32.ActiveCfg = Debug|Win32
		{4810E9AE-A188-435F-9170-56872ED187A4}.Debug|Win32.Build.0 = Debug|Win32
		{4810E9AE-A188-435F-9170-56872ED187A4}.Debug|x64.ActiveCfg = Debug|x64
		{4810E9AE-A188-435F-9170-56872ED187A4}.Debug|x64.Build.0 = Debug|x64
		{4810E9AE-A188-435F-9170-56872ED187A4}.Release|Win32.ActiveCfg = Release|Win32
		{4810E9AE-A188-435F-9170-56872ED187A4}.Release|Win32.Build.0 = Release|Win32
		{4810E9AE-A188-435F-9170-56872ED187A4}.Release|x64.ActiveCfg = Release|x64
		{4810E9AE-A188-435F-9170-56872ED187A4}.Release|x64.Build.0 = Release|x64
		{A012AB52-6E7E-4F41-A96D-4DA1BD0CE2E8}.Debug|Win32.ActiveCfg = Debug|Win32
		{A012AB52-6E7E-4F41-A96D-4DA1BD0CE2E8}.Debug|Win32.Build.0 = Debug|Win32
		{A012AB52-6E7E-4F41-A96D-4DA1BD0CE2E8}.Debug|x64.ActiveCfg = Debug|x64
		{A012AB52-6E7E-4F41-A96D-4DA1BD0CE2E8}.Debug|x64.Build.0 = Debug|x64
		{A012AB52-6E7E-4F41-A96D-4DA1BD0CE2E8}.Release|Win32.ActiveCfg = Release|Win32
		{A012AB52-6E7E-4F41-A96D-4DA1BD0CE2E8}.Release|Win32.Build.0 = Release|Win32
		{A012AB52-6E7E-4F41-A96D-4DA1BD0CE2E8}.Release|x64.ActiveCfg = Release|x64
		{A012AB52-6E7E-4F41-A96D-4DA1BD0CE2E8}.Release|x64.Build.0 = Release|x64
		{ABD0A2AA-E69B-406E-ACC4-3C83ADD0E119}.Debug|Win32.ActiveCfg = Debug|Win32
		{ABD0A2AA-E69B-406E-ACC4-3C83ADD0E119}.Debug|Win32.Build.0 = Debug|Win32
		{ABD0A2AA-E69B-406E-ACC4-3C83ADD0E119}.Debug|x64.ActiveCfg = Debug|x64
		{ABD0A2AA-E69B-406E-ACC4-3C83ADD0E119}.Debug|x64.Build.0 = Debug|x64
		{ABD0A2AA-E69B-406E-ACC4-3C83ADD0E119}.Release|Win32.ActiveCfg = Release|Win32
		{ABD0A2AA-E69B-406E-ACC4-3C83ADD0E119}.Release|Win32.Build.0 = Release|Win32
		{ABD0A2AA-E69B-406E-ACC4-3C83ADD0E119}.Release|x64.ActiveCfg = Release|x64
		{ABD0A2AA-E69B-406E-ACC4-3C83ADD0E119}.Release|x64.Build.0 = Release|x64
		{24036098-E6CF-44D0-B7AC-06859C5CAC4B}.Debug|Win32.ActiveCfg = Debug|Win32
		{24036098-E6CF-44D0-B7AC-06859C5CAC4B}.Debug|Win32.Build.0 = Debug|Win32
		{24036098-E6CF-44D0-B7AC-06859C5CAC4B}.Debug|x64.ActiveCfg = Debug|x64
		{24036098-E6CF-44D0-B7AC-06859C5CAC4B}.Debug|x64.Build.0 = Debug|x64
		{24036098-E6CF-44D0-B7AC-06859C5CAC4B}.Release|Win32.ActiveCfg = Release|Win32
		{24036098-E6CF-44D0-B7AC-06859C5CAC4B}.Release|Win32.Build.0 = Release|Win32
		{24036098-E6CF-44D0-B7AC-06859C5CAC4B}.Release|x64.ActiveCfg = Release|x64
		{24036098-E6CF-44D0-B7AC-06859C5CAC4B}.Release|x64.Build.0 = Release|x64
		{399DB2C4-6741-4796-ACB2-729C23E0C24D}.Debug|Win32.ActiveCfg = Debug|Win32
		{399DB2C4-6741-4796-ACB2-729C23E0C24D}.Debug|Win32.Build.0 = Debug|Win32
		{399DB2C4-6741-4796-ACB2-729C23E0C24D}.Debug|x64.ActiveCfg = Debug|x64
		{399DB2C4-6741-4796-ACB2-729C23E0C24D}.Debug|x64.Build.0 = Debug|x64
		{399DB2C4-6741-4796-ACB2-729C23E0C24D}.Release|Win32.ActiveCfg = Release|Win32
		{399DB2C4-6741-4796-ACB2-729C23E0C24D}.Release|Win32.Build.0 = Release|Win32
		{399DB2C4-6741-4796-ACB2-729C23E0C24D}.Release|x64.ActiveCfg = Release|x64
		{399DB2C4-6741-4796-ACB2-729C23E0C24D}.Release|x64.Build.0 = Release|x64
		{024497C6-6335-4B53-9CDB-BF472E40C636}.Debug|Win32.ActiveCfg = Debug|Win32
		{024497C6-6335-4B53-9CDB-BF472E40C636}.Debug|Win32.Build.0 = Debug|Win32
		{024497C6-6335-4B53-9CDB-BF472E40C636}.Debug|x64.ActiveCfg = Debug|x64
		{024497C6-6335-4B53-9CDB-BF472E40C636}.Debug|x64.Build.0 = Debug|x64
		{024497C6-6335-4B53-9CDB-BF472E40C636}.Release|Win32.ActiveCfg = Release|Win32
		{024497C6-6335-4B53-9CDB-BF472E40C636}.Release|Win32.Build.0 = Release|Win32
		{024497C6-6335-4B53-9CDB-BF472E40C636}.Release|x64.ActiveCfg = Release|x64
		{024497C6-6335-4B53-9CDB-BF472E40C636}.Release|x64.Build.0 = Release|x64
		{E90E2D40-E445-474B-A670-B8763666E780}.Debug|Win32.ActiveCfg = Debug|Win32
		{E90E2D40-E445-474B-A670-B8763666E780}.Debug|Win32.Build.0 = Debug|Win32
		{E90E2D40-E445-474B-A670-B8763666E780}.Debug|x64.ActiveCfg = Debug|x64
		{E90E2D40-E445-474B-A670-B8763666E780}.Debug|x64.Build.0 = Debug|x64
		{E90E2D40-E445-474B-A670-B8763666E780}.Release|Win32.ActiveCfg = Release|Win32
		{E90E2D40-E445-474B-A670-B8763666E780}.Release|Win32.Build.0 = Release|Win32
		{E90E2D40-E445-474B-A670-B8763666E780}.Release|x64.ActiveCfg = Release|x64
		{E90E2D40-E445-474B-A670-B8763666E780}.Release|x64.Build.0 = Release|x64
		{9CFEDB64-71EC-44F0-9521-41A7F7ABFAE9}.Debug|Win32.ActiveCfg = Debug|Win32
		{9CFEDB64-71EC-44F0-9521-41A7F7ABFAE9}.Debug|Win32.Build.0 = Debug|Win32
		{9CFEDB64-71EC-44F0-9521-41A7F7ABFAE9}.Debug|x64.ActiveCfg = Debug|x64
		{9CFEDB64-71EC-44F0-9521-41A7F7ABFAE9}.Debug|x64.Build.0 = Debug|x64
		{9CFEDB64-71EC-44F0-9521-41A7F7ABFAE9}.Release|Win32.ActiveCfg = Release|Win32
		{9CFEDB64-71EC-44F0-9521-41A7F7ABFAE9}.Release|Win32.Build.0 = Release|Win32
		{9CFEDB64-71EC-44F0-9521-41A7F7ABFAE9}.Release|x64.ActiveCfg = Release|x64
		{9CFEDB64-71EC-44F0-9521-41A7F7ABFAE9}.Release|x64.Build.0 = Release|x64
		{2CF2A877-65C1-4665-B34A-68BB1CEFABF6}.Debug|Win32.ActiveCfg = Debug|Win32
		{2CF2A877-65C1-4665-B34A-68BB1CEFABF6}.Debug|Win32.Build.0 = Debug|Win32
		{2CF2A877-65C1-4665-B34A-68BB1CEFABF6}.Debug|x64.ActiveCfg = Debug|x64
		{2CF2A877-65C1-4665-B34A-68BB1CEFABF6}.Debug|x64.Build.0 = Debug|x64
		{2CF2A877-65C1-4665-B34A-68BB1CEFABF6}.Release|Win32.ActiveCfg = Release|Win32
		{2CF2A877-65C1-4665-B34A-68BB1CEFABF6}.Release|Win32.Build.0 = Release|Win32
		{2CF2A877-65C1-4665-B34A-68BB1CEFABF6}.Release|x64.ActiveCfg = Release|x64
		{2CF2A877-65C1-4665-B34A-68BB1CEFABF6}.Release|x64.Build.0 = Release|x64
		{A86791A9-B377-46DD-A683-21AD1C0DED01}.Debug|Win32.ActiveCfg = Debug|Win32
		{A86791A9-B377-46DD-A683-21AD1C0DED01}.Debug|Win32.Build.0 = Debug|Win32
		{A86791A9-B377-46DD-A683-21AD1C0DED01}.Debug|x64.ActiveCfg = Debug|x64
		{A86791A9-B377-46DD-A683-21AD1C0DED01}.Debug|x64.Build.0 = Debug|x64
		{A86791A9-B377-46DD-A683-21AD1C0DED01}.Release|Win32.ActiveCfg = Release|Win32
		{A86791A9-B377-46DD-A683-21AD1C0DED01}.Release|Win32.Build.0 = Release|Win32
		{A86791A9-B377-46DD-A683-21AD1C0DED01}.Release|x64.ActiveCfg = Release|x64
		{A86791A9-B377-46DD-A683-21AD1C0DED01}.Release|x64.Build.0 = Release|x64
		{0CD2507F-1B5A-4258-B341-314DD2601400}.Debug|Win32.ActiveCfg = Debug|Win32
		{0CD2507F-1B5A-4258-B341-314DD2601400}.Debug|Win32.Build.0 = Debug|Win32
		{0CD2507F-1B5A-4258-B341-314DD2601400}.Debug|x64.ActiveCfg = Debug|x64
		{0CD2507F-1B5A-4258-B341-314DD2601400}.Debug|x64.Build.0 = Debug|x64
		{0CD2507F-1B5A-4258-B341-314DD2601400}.Release|Win32.ActiveCfg = Release|Win32
		{0CD2507F-1B5A-4258-B341-314DD2601400}.Release|Win32.Build.0 = Release|Win32
		{0CD2507F-1B5A-4258-B341-314DD2601400}.Release|x64.ActiveCfg = Release|x64
		{0CD2507F-1B5A-4258-B341-314DD2601400}.Release|x64.Build.0 = Release|x64
		{F9ED6B8C-1153-4EC7-92BC-5E4F696580EE}.Debug|Win32.ActiveCfg = Debug|Win32
		{F9ED6B8C-1153-4EC7-92BC-5E4F696580EE}.Debug|Win32.Build.0 = Debug|Win32
		{F9ED6B8C-1153-4EC7-92BC-5E4F696580EE}.Debug|x64.ActiveCfg = Debug|x64
		{F9ED6B8C-1153-4EC7-92BC-5E4F696580EE}.Debug|x64.Build.0 = Debug|x64
		{F9ED6B8C-1153-4EC7-92BC-5E4F696580EE}.Release|Win32.ActiveCfg = Release|Win32
		{F9ED6B8C-1153-4EC7-92BC-5E4F696580EE}.Release|Win32.Build.0 = Release|Win32
		{F9ED6B8C-1153-4EC7-92BC-5E4F696580EE}.Release|x64.ActiveCfg = Release|x64
		{F9ED6B8C-1153-4EC7-92BC-5E4F696580EE}.Release|x64.Build.0 = Release|x64
		{72DC98F5-C7B4-4496-B58A-893C364712AD}.Debug|Win32.ActiveCfg = Debug|Win32
		{72DC98F5-C7B4-4496-B58A-893C364712AD}.Debug|Win32.Build.0 = Debug|Win32
		{72DC98F5-C7B4-4496-B58A-893C364712AD}.Debug|x64.ActiveCfg = Debug|x64
		{72DC98F5-C7B4-4496-B58A-893C364712AD}.Debug|x64.Build.0 = Debug|x64
		{72DC98F5-C7B4-4496-B58A-893C364712AD}.Release|Win32.ActiveCfg = Release|Win32
		{72DC98F5-C7B4-4496-B58A-893C364712AD}.Release|Win32.Build.0 = Release|Win32
		{72DC98F5-C7B4-4496-B58A-893C364712AD}.Release|x64.ActiveCfg = Release|x64
		{72DC98F5-C7B4-4496-B58A-893C364712AD}.Release|x64.Build.0 = Release|x64
		{5F08D66E-C81F-44AE-A99E-A8B80AAF08EB}.Debug|Win32.ActiveCfg = Debug|Win32
		{5F08D66E-C81F-44AE-A99E-A8B80AAF08EB}.Debug|Win32.Build.0 = Debug|Win32
		{5F08D66E-C81F-44AE-A99E-A8B80AAF08EB}.Debug|x64.ActiveCfg = Debug|x64
		{5F08D66E-C81F-44AE-A99E-A8B80AAF08EB}.Debug|x64.Build.0 = Debug|x64
		{5F08D66E-C81F-44AE-A99E-A8B80AAF08EB}.Release|Win32.ActiveCfg = Release|Win32
		{5F08D66E-C81F-44AE-A99E-A8B80AAF08EB}.Release|Win32.Build.0 = Release|Win32
		{5F08D66E-C81F-44AE-A99E-A8B80AAF08EB}.Release|x64.ActiveCfg = Release|x64
		{5F08D66E-C81F-44AE-A99E-A8B80AAF08EB}.Release|x64.Build.0 = Release|x64
		{EECE8B05-C494-45B9-80F4-724DD00FE521}.Debug|Win32.ActiveCfg = Debug|Win32
		{EECE8B05-C494-45B9-80F4-724DD00FE521}.Debug|Win32.Build.0 = Debug|Win32
		{EECE8B05-C494-45B9-80F4-724DD00FE521}.Debug|x64.ActiveCfg = Debug|x64
		{EECE8B05-C494-45B9-80F4-724DD00FE521}.Debug|x64.Build.0 = Debug|x64
		{EECE8B05-C494-45B9-80F4-724DD00FE521}.Release|Win32.ActiveCfg = Release|Win32
		{EECE8B05-C494-45B9-80F4-724DD00FE521}.Release|Win32.Build.0 = Release|Win32
		{EECE8B05-C494-45B9-80F4-724DD00FE521}.Release|x64.ActiveCfg = Release|x64
		{EECE8B05-C494-45B9-80F4-724DD00FE521}.Release|x64.Build.0 = Release|x64
		{5B7710D5-AD21-4860-99DF-1D192B2054BD}.Debug|Win32.ActiveCfg = Debug|Win32
		{5B7710D5-AD21-4860-99DF-1D192B2054BD}.Debug|Win32.Build.0 = Debug|Win32
		{5B7710D5-AD21-4860-99DF-1D192B2054BD}.Debug|x64.ActiveCfg = Debug|x64
		{5B7710D5-AD21-4860-99DF-1D192B2054BD}.Debug|x64.Build.0 = Debug|x64
		{5B7710D5-AD21-4860-99DF-1D192B2054BD}.Release|Win32.ActiveCfg = Release|Win32
		{5B7710D5-AD21-4860-99DF-1D192B2054BD}.Release|Win32.Build.0 = Release|Win32
		{5B7710D5-AD21-4860-99DF-1D192B2054BD}.Release|x64.ActiveCfg = Release|x64
		{5B7710D5-AD21-4860-99DF-1D192B2054BD}.Release|x64.Build.0 = Release|x64
		{9F26FBBB-F803-41DB-8E96-9064F2F7BA12}.Debug|Win32.ActiveCfg = Debug|Win32
		{9F26FBBB-F803-41DB-8E96-9064F2F7BA12}.Debug|Win32.Build.0 = Debug|Win32
		{9F26FBBB-F803-41DB-8E96-9064F2F7BA12}.Debug|x64.ActiveCfg = Debug|x64
		{9F26FBBB-F803-41DB-8E96-9064F2F7BA12}.Debug|x64.Build.0 = Debug|x64
		{9F26FBBB-F803-41DB-8E96-9064F2F7BA12}.Release|Win32.ActiveCfg = Release|Win32
		{9F26FBBB-F803-41DB-8E96-9064F2F7BA12}.Release|Win32.Build.0 = Release|Win32
		{9F26FBBB-F803-41DB-8E96-9064F2F7BA12}.Release|x64.ActiveCfg = Release|x64
		{9F26FBBB-F803-41DB-8E96-9064F2F7BA12}.Release|x64.Build.0 = Release|x64
		{EFDA25F0-22DF-4D86-95F1-88621A5A8899}.Debug|Win32.ActiveCfg = Debug|Win32
		{EFDA25F0-22DF-4D86-95F1-88621A5A8899}.Debug|Win32.Build.0 = Debug|Win32
		{EFDA25F0-22DF-4D86-95F1-88621A5A8899}.Debug|x64.ActiveCfg = Debug|x64
		{EFDA25F0-22DF-4D86-95F1-88621A5A8899}.Debug|x64.Build.0 = Debug|x64
		{EFDA25F0-22DF-4D86-95F1-88621A5A8899}.Release|Win32.ActiveCfg = Release|Win32
		{EFDA25F0-22DF-4D86-95F1-88621A5A8899}.Release|Win32.Build.0 = Release|Win32
		{EFDA25F0-22DF-4D86-95F1-88621A5A8899}.Release|x64.ActiveCfg = Release|x64
		{EFDA25F0-22DF-4D86-95F1-88621A5A8899}.Release|x64.Build.0 = Release|x64
		{BE797700-FF7F-4CBE-A37D-7BB0A5D88CAD}.Debug|Win32.ActiveCfg = Debug|Win32
		{BE797700-FF7F-4CBE-A37D-7BB0A5D88CAD}.Debug|Win32.Build.0 = Debug|Win32
		{BE797700-FF7F-4CBE-A37D-7BB0A5D88CAD}.Debug|x64.ActiveCfg = Debug|x64
		{BE797700-FF7F-4CBE-A37D-7BB0A5D88CAD}.Debug|x64.Build.0 = Debug|x64
		{BE797700-FF7F-4CBE-A37D-7BB0A5D88CAD}.Release|Win32.ActiveCfg = Release|Win32
		{BE797700-FF7F-4CBE-A37D-7BB0A5D88CAD}.Release|Win32.Build.0 = Release|Win32
		{BE797700-FF7F-4CBE-A37D-7BB0A5D88CAD}.Release|x64.ActiveCfg = Release|x64
		{BE797700-FF7F-4CBE-A37D-7BB0A5D88CAD}.Release|x64.Build.0 = Release|x64
		{7B3F248B-E56C-441B-AF0D-EBF9C3356E9F}.Debug|Win32.ActiveCfg = Debug|Win32
		{7B3F248B-E56C-441B-AF0D-EBF9C3356E9F}.Debug|Win32.Build.0 = Debug|Win32
		{7B3F248B-E56C-441B-AF0D-EBF9C3356E9F}.Debug|x64.ActiveCfg = Debug|x64
		{7B3F248B-E56C-441B-AF0D-EBF9C3356E9F}.Debug|x64.Build.0 = Debug|x64
		{7B3F248B-E56C-441B-AF0D-EBF9C3356E9F}.Release|Win32.ActiveCfg = Release|Win32
		{7B3F248B-E56C-441B-AF0D-EBF9C3356E9F}.Release|Win32.Build.0 = Release|Win32
		{7B3F248B-E56C-441B-AF0D-EBF9C3356E9F}.Release|x64.ActiveCfg = Release|x64
		{7B3F248B-E56C-441B-AF0D-EBF9C3356E9F}.Release|x64.Build.0 = Release|x64
		{344381CD-A4D9-47C3-95A1-EEEAE01A8139}.Debug|Win32.ActiveCfg = Debug|Win32
		{344381CD-A4D9-47C3-95A1-EEEAE01A8139}.Debug|Win32.Build.0 = Debug|Win32
		{344381CD-A4D9-47C3-95A1-EEEAE01A8139}.Debug|x64.ActiveCfg = Debug|x64
		{344381CD-A4D9-47C3-95A1-EEEAE01A8139}.Debug|x64.Build.0 = Debug|x64
		{344381CD-A4D9-47C3-95A1-EEEAE01A8139}.Release|Win32.ActiveCfg = Release|Win32
		{344381CD-A4D9-47C3-95A1-EEEAE01A8139}.Release|Win32.Build.0 = Release|Win32
		{344381CD-A4D9-47C3-95A1-EEEAE01A8139}.Release|x64.ActiveCfg = Release|x64
		{344381CD-A4D9-47C3-95A1-EEEAE01A8139}.Release|x64.Build.0 = Release|x64
		{5D8657A2-700E-4263-B18D-0282F4762526}.Debug|Win32.ActiveCfg = Debug|Win32
		{5D8657A2-700E-4263-B18D-0282F4762526}.Debug|Win32.Build.0 = Debug|Win32
		{5D8657A2-700E-4263-B18D-0282F4762526}.Debug|x64.ActiveCfg = Debug|x64
		{5D8657A2-700E-4263-B18D-0282F4762526}.Debug|x64.Build.0 = Debug|x64
		{5D8657A2-700E-4263-B18D-0282F4762526}.Release|Win32.ActiveCfg = Release|Win32
		{5D8657A2-700E-4263-B18D-0282F4762526}.Release|Win32.Build.0 = Release|Win32
		{5D8657A2-700E-4263-B18D-0282F4762526}.Release|x64.ActiveCfg = Release|x64
		{5D8657A2-700E-4263-B18D-0282F4762526}.Release|x64.Build.0 = Release|x64
		{9DA82294-E625-417A-BE90-3F3098CAB117}.Debug|Win32.ActiveCfg = Debug|Win32
		{9DA82294-E625-417A-BE90-3F3098CAB117}.Debug|Win32.Build.0 = Debug|Win32
		{9DA82294-E625-417A-BE90-3F3098CAB117}.Debug|x64.ActiveCfg = Debug|x64
		{9DA82294-E625-417A-BE90-3F3098CAB117}.Debug|x64.Build.0 = Debug|x64
		{9DA82294-E625-417A-BE90-3F3098CAB117}.Release|Win32.ActiveCfg = Release|Win32
		{9DA82294-E625-417A-BE90-3F3098CAB117}.Release|Win32.Build.0 = Release|Win32
		{9DA82294-E625-417A-BE90-3F3098CAB117}.Release|x64.ActiveCfg = Release|x64
		{9DA82294-E625-417A-BE90-3F3098CAB117}.Release|x64.Build.0 = Release|x64
		{F11D6DDA-E258-4D83-A6EA-948DA786641B}.Debug|Win32.ActiveCfg = Debug|Win32
		{F11D6DDA-E258-4D83-A6EA-948DA786641B}.Debug|Win32.Build.0 = Debug|Win32
		{F11D6DDA-E258-4D83-A6EA-948DA786641B}.Debug|x64.ActiveCfg = Debug|x64
		{F11D6DDA-E258-4D83-A6EA-948DA786641B}.Debug|x64.Build.0 = Debug|x64
		{F11D6DDA-E258-4D83-A6EA-948DA786641B}.Release|Win32.ActiveCfg = Release|Win32
		{F11D6DDA-E258-4D83-A6EA-948DA786641B}.Release|Win32.Build.0 = Release|Win32
		{F11D6DDA-E258-4D83-A6EA-948DA786641B}.Release|x64.ActiveCfg = Release|x64
		{F11D6DDA-E258-4D83-A6EA-948DA786641B}.Release|x64.Build.0 = Release|x64
		{52275A7E-32E7-4665-9BE4-44542263B4DA}.Debug|Win32.ActiveCfg = Debug|Win32
		{52275A7E-32E7-4665-9BE4-44542263B4DA}.Debug|Win32.Build.0 = Debug|Win32
		{52275A7E-32E7-4665-9BE4-44542263B4DA}.Debug|x64.ActiveCfg = Debug|x64
		{52275A7E-32E7-4665-9BE4-44542263B4DA}.Debug|x64.Build.0 = Debug|x64
		{52275A7E-32E7-4665-9BE4-44542263B4DA}.Release|Win32.ActiveCfg = Release|Win32
		{52275A7E-32E7-4665-9BE4-44542263B4DA}.Release|Win32.Build.0 = Release|Win32
		{52275A7E-32E7-4665-9BE4-44542263B4DA}.Release|x64.ActiveCfg = Release|x64
		{52275A7E-32E7-4665-9BE4-44542263B4DA}.Release|x64.Build.0 = Release|x64
		{7C203B44-8ACD-4C6A-8E13-9DF59BED73B6}.Debug|Win32.ActiveCfg = Debug|Win32
		{7C203B44-8ACD-4C6A-8E13-9DF59BED73B6}.Debug|Win32.Build.0 = Debug|Win32
		{7C203B44-8ACD-4C6A-8E13-9DF59BED73B6}.Debug|x64.ActiveCfg = Debug|x64
		{7C203B44-8ACD-4C6A-8E13-9DF59BED73B6}.Debug|x64.Build.0 = Debug|x64
		{7C203B44-8ACD-4C6A-8E13-9DF59BED73B6}.Release|Win32.ActiveCfg = Release|Win32
		{7C203B44-8ACD-4C6A-8E13-9DF59BED73B6}.Release|Win32.Build.0 = Release|Win32
		{7C203B44-8ACD-4C6A-8E13-9DF59BED73B6}.Release|x64.ActiveCfg = Release|x64
		{7C203B44-8ACD-4C6A-8E13-9DF59BED73B6}.Release|x64.Build.0 = Release|x64
		{E3C9FC59-C854-4C32-BFA4-C68BFF8E0B1B}.Debug|Win32.ActiveCfg = Debug|Win32
		{E3C9FC59-C854-4C32-BFA4-C68BFF8E0B1B}.Debug|Win32.Build.0 = Debug|Win32
		{E3C9FC59-C854-4C32-BFA4-C68BFF8E0B1B}.Debug|x64.ActiveCfg = Debug|x64
		{E3C9FC59-C854-4C32-BFA4-C68BFF8E0B1B}.Debug|x64.Build.0 = Debug|x64
		{E3C9FC59-C854-4C32-BFA4-C68BFF8E0B1B}.Release|Win32.ActiveCfg = Release|Win32
		{E3C9FC59-C854-4C32-BFA4-C68BFF8E0B1B}.Release|Win32.Build.0 = Release|Win32
		{E3C9FC59-C854-4C32-BFA4-C68BFF8E0B1B}.Release|x64.ActiveCfg = Release|x64
		{E3C9FC59-C854-4C32-BFA4-C68BFF8E0B1B}.Release|x64.Build.0 = Release|x64
	EndGlobalSection
	GlobalSection(SolutionProperties) = preSolution
		HideSolutionNode = FALSE
	EndGlobalSection
	GlobalSection(NestedProjects) = preSolution
		{702CEC70-EE3E-43A0-8D93-48B58FA50D3C} = {FECA9DAF-78AA-47F8-96F0-906359D1BCCA}
		{A852FB40-3A34-49E5-8B54-01BCA7D111AE} = {44FFD219-8F7E-45A5-8D6E-D6F54E8DB247}
		{C89DB66A-ED4D-423C-BFDD-7F406DCE1046} = {44FFD219-8F7E-45A5-8D6E-D6F54E8DB247}
		{90E00DE1-25F0-4FBC-8F4A-70F00582033D} = {44FFD219-8F7E-45A5-8D6E-D6F54E8DB247}
		{B8516A89-399B-4C5A-9CF9-91FC56B87484} = {44FFD219-8F7E-45A5-8D6E-D6F54E8DB247}
		{D3388F66-9AAF-4BCD-94FA-EAB1EB73D5D5} = {44FFD219-8F7E-45A5-8D6E-D6F54E8DB247}
		{85F85DD5-B18E-4D16-A591-D2F017A1F34F} = {A852FB40-3A34-49E5-8B54-01BCA7D111AE}
		{74E61B6D-8481-4F8D-BAD9-FAF3794BF2B6} = {A852FB40-3A34-49E5-8B54-01BCA7D111AE}
		{1A8D5197-7CFF-4751-9D9D-9134E9473E30} = {A852FB40-3A34-49E5-8B54-01BCA7D111AE}
		{2874B9A3-6D50-44AF-B88D-58980C8CCF63} = {A852FB40-3A34-49E5-8B54-01BCA7D111AE}
		{2DAF88EB-6D19-4393-88DC-DE598D843FC1} = {A852FB40-3A34-49E5-8B54-01BCA7D111AE}
		{5503B808-B1CE-4CDC-9026-207CABE6D024} = {A852FB40-3A34-49E5-8B54-01BCA7D111AE}
		{C9E51AA9-ED9C-4D9D-882E-870E0DFC0466} = {A852FB40-3A34-49E5-8B54-01BCA7D111AE}
		{A37EEEBB-914F-4B89-872B-D581FA0EF7A1} = {A852FB40-3A34-49E5-8B54-01BCA7D111AE}
		{3F5F31D6-0CB2-4C2B-8F72-403661186F9D} = {A852FB40-3A34-49E5-8B54-01BCA7D111AE}
		{86EE4017-4FFE-4B1E-A18E-489B81075B0D} = {A852FB40-3A34-49E5-8B54-01BCA7D111AE}
		{CE3DE128-17FB-46ED-A10D-EBD0A191F938} = {A852FB40-3A34-49E5-8B54-01BCA7D111AE}
		{8018A4AD-3FB8-466E-99E7-BB81112749DB} = {A852FB40-3A34-49E5-8B54-01BCA7D111AE}
		{7DEAD6B2-9DC0-4279-8C7E-514D8E51DFE4} = {A852FB40-3A34-49E5-8B54-01BCA7D111AE}
		{38A56F7B-BBDF-49C9-B84E-4CC01F36F314} = {C89DB66A-ED4D-423C-BFDD-7F406DCE1046}
		{5FFAC134-DA47-4305-9BC7-795E48B682F9} = {C89DB66A-ED4D-423C-BFDD-7F406DCE1046}
		{F85AB09D-B9EF-4CD3-BA6F-62A592E1A939} = {90E00DE1-25F0-4FBC-8F4A-70F00582033D}
		{150E8E31-EC98-4DD8-A206-3736F2DABB9F} = {90E00DE1-25F0-4FBC-8F4A-70F00582033D}
		{1DE0B549-BF0F-4AE8-AE1B-E62607CE6106} = {B8516A89-399B-4C5A-9CF9-91FC56B87484}
		{9AFBC772-AA08-498E-9017-6B7D803B609B} = {B8516A89-399B-4C5A-9CF9-91FC56B87484}
		{DF49B45A-F195-49A4-88B1-DB40A957A345} = {B8516A89-399B-4C5A-9CF9-91FC56B87484}
		{1C6EB0CB-E1D3-4007-A315-E533D6E8E57C} = {D3388F66-9AAF-4BCD-94FA-EAB1EB73D5D5}
		{EF8DAC79-E615-4FAA-9C18-0F2ACEAD9E7C} = {D3388F66-9AAF-4BCD-94FA-EAB1EB73D5D5}
		{20BE29C7-731D-4816-872B-B4F4BEAB8786} = {D3388F66-9AAF-4BCD-94FA-EAB1EB73D5D5}
		{9983E720-BD11-465E-A297-C7B2D1F76B44} = {297F636A-298A-432A-82DC-6263CFB39E24}
		{68D8A1DB-EAE5-49AB-8C8A-6BA76EFD868F} = {297F636A-298A-432A-82DC-6263CFB39E24}
		{090816ED-7939-4EE8-AD14-93881D57AC23} = {297F636A-298A-432A-82DC-6263CFB39E24}
		{2BECD4D6-C9BB-47B5-AF09-6545086C937C} = {297F636A-298A-432A-82DC-6263CFB39E24}
		{B2BB6EEC-CEB0-44CC-A146-065C7AC44978} = {C89DB66A-ED4D-423C-BFDD-7F406DCE1046}
		{7165016D-FE06-434F-8999-8676617E3A3F} = {C89DB66A-ED4D-423C-BFDD-7F406DCE1046}
		{87C763D0-8F8E-4F6D-AEBA-4E2AF6C47741} = {C89DB66A-ED4D-423C-BFDD-7F406DCE1046}
		{4810E9AE-A188-435F-9170-56872ED187A4} = {90E00DE1-25F0-4FBC-8F4A-70F00582033D}
		{A012AB52-6E7E-4F41-A96D-4DA1BD0CE2E8} = {90E00DE1-25F0-4FBC-8F4A-70F00582033D}
		{ABD0A2AA-E69B-406E-ACC4-3C83ADD0E119} = {90E00DE1-25F0-4FBC-8F4A-70F00582033D}
		{24036098-E6CF-44D0-B7AC-06859C5CAC4B} = {C89DB66A-ED4D-423C-BFDD-7F406DCE1046}
		{399DB2C4-6741-4796-ACB2-729C23E0C24D} = {C89DB66A-ED4D-423C-BFDD-7F406DCE1046}
		{024497C6-6335-4B53-9CDB-BF472E40C636} = {C89DB66A-ED4D-423C-BFDD-7F406DCE1046}
		{E90E2D40-E445-474B-A670-B8763666E780} = {C89DB66A-ED4D-423C-BFDD-7F406DCE1046}
		{9CFEDB64-71EC-44F0-9521-41A7F7ABFAE9} = {C89DB66A-ED4D-423C-BFDD-7F406DCE1046}
		{2CF2A877-65C1-4665-B34A-68BB1CEFABF6} = {C89DB66A-ED4D-423C-BFDD-7F406DCE1046}
		{B0361387-B44C-47EB-88B5-46B7E79C3801} = {44FFD219-8F7E-45A5-8D6E-D6F54E8DB247}
		{A86791A9-B377-46DD-A683-21AD1C0DED01} = {B0361387-B44C-47EB-88B5-46B7E79C3801}
		{0CD2507F-1B5A-4258-B341-314DD2601400} = {90E00DE1-25F0-4FBC-8F4A-70F00582033D}
		{F9ED6B8C-1153-4EC7-92BC-5E4F696580EE} = {90E00DE1-25F0-4FBC-8F4A-70F00582033D}
		{72DC98F5-C7B4-4496-B58A-893C364712AD} = {B0361387-B44C-47EB-88B5-46B7E79C3801}
		{5F08D66E-C81F-44AE-A99E-A8B80AAF08EB} = {B0361387-B44C-47EB-88B5-46B7E79C3801}
		{EECE8B05-C494-45B9-80F4-724DD00FE521} = {B0361387-B44C-47EB-88B5-46B7E79C3801}
		{5B7710D5-AD21-4860-99DF-1D192B2054BD} = {B0361387-B44C-47EB-88B5-46B7E79C3801}
		{9F26FBBB-F803-41DB-8E96-9064F2F7BA12} = {B0361387-B44C-47EB-88B5-46B7E79C3801}
		{EFDA25F0-22DF-4D86-95F1-88621A5A8899} = {B0361387-B44C-47EB-88B5-46B7E79C3801}
		{BE797700-FF7F-4CBE-A37D-7BB0A5D88CAD} = {D3388F66-9AAF-4BCD-94FA-EAB1EB73D5D5}
		{7B3F248B-E56C-441B-AF0D-EBF9C3356E9F} = {D3388F66-9AAF-4BCD-94FA-EAB1EB73D5D5}
		{344381CD-A4D9-47C3-95A1-EEEAE01A8139} = {A852FB40-3A34-49E5-8B54-01BCA7D111AE}
		{5D8657A2-700E-4263-B18D-0282F4762526} = {C89DB66A-ED4D-423C-BFDD-7F406DCE1046}
		{9DA82294-E625-417A-BE90-3F3098CAB117} = {C89DB66A-ED4D-423C-BFDD-7F406DCE1046}
		{F11D6DDA-E258-4D83-A6EA-948DA786641B} = {C89DB66A-ED4D-423C-BFDD-7F406DCE1046}
		{52275A7E-32E7-4665-9BE4-44542263B4DA} = {B0361387-B44C-47EB-88B5-46B7E79C3801}
		{7C203B44-8ACD-4C6A-8E13-9DF59BED73B6} = {C89DB66A-ED4D-423C-BFDD-7F406DCE1046}
		{E3C9FC59-C854-4C32-BFA4-C68BFF8E0B1B} = {297F636A-298A-432A-82DC-6263CFB39E24}
	EndGlobalSection
EndGlobal
